
Microsoft Visual Studio Solution File, Format Version 12.00
# Visual Studio Version 16
VisualStudioVersion = 16.0.28729.10
MinimumVisualStudioVersion = 10.0.40219.1
Project("{FAE04EC0-301F-11D3-BF4B-00C04F79EFBC}") = "ChoreApplication", "ChoreApplication.csproj", "{BA6B96DA-4698-460F-AD18-C4F045C3A3BF}"
EndProject
Global
	GlobalSection(SolutionConfigurationPlatforms) = preSolution
		Debug|Any CPU = Debug|Any CPU
		Release|Any CPU = Release|Any CPU
	EndGlobalSection
	GlobalSection(ProjectConfigurationPlatforms) = postSolution
		{BA6B96DA-4698-460F-AD18-C4F045C3A3BF}.Debug|Any CPU.ActiveCfg = Debug|Any CPU
		{BA6B96DA-4698-460F-AD18-C4F045C3A3BF}.Debug|Any CPU.Build.0 = Debug|Any CPU
		{BA6B96DA-4698-460F-AD18-C4F045C3A3BF}.Release|Any CPU.ActiveCfg = Release|Any CPU
		{BA6B96DA-4698-460F-AD18-C4F045C3A3BF}.Release|Any CPU.Build.0 = Release|Any CPU
	EndGlobalSection
	GlobalSection(SolutionProperties) = preSolution
		HideSolutionNode = FALSE
	EndGlobalSection
	GlobalSection(ExtensibilityGlobals) = postSolution
		SolutionGuid = {045FADE6-4FE7-44CE-8336-D39D88B68845}
	EndGlobalSection
EndGlobal
